lockfileVersion: 5.3

specifiers:
  fuse.js: ^6.4.6
  typescript: ^4.5.4

dependencies:
  fuse.js: 6.5.3

devDependencies:
  typescript: 4.5.4

packages:

  /fuse.js/6.5.3:
    resolution: {integrity: sha512-sA5etGE7yD/pOqivZRBvUBd/NaL2sjAu6QuSaFoe1H2BrJSkH/T/UXAJ8CdXdw7DvY3Hs8CXKYkDWX7RiP5KOg==}
    engines: {node: '>=10'}
    dev: false

  /typescript/4.5.4:
    resolution: {integrity: sha512-VgYs2A2QIRuGphtzFV7aQJduJ2gyfTljngLzjpfW9FoYZF6xuw1W0vW9ghCKLfcWrCFxK81CSGRAvS1pn4fIUg==}
    engines: {node: '>=4.2.0'}
    hasBin: true
    dev: true
